
Microsoft Visual Studio Solution File, Format Version 12.00
# Visual Studio 15
VisualStudioVersion = 15.0.27428.2005
MinimumVisualStudioVersion = 10.0.40219.1
Project("{FAE04EC0-301F-11D3-BF4B-00C04F79EFBC}") = "EjemploAccesoMysql", "EjemploAccesoMysql\EjemploAccesoMysql.csproj", "{A619BC9A-CB82-4779-82B4-50E1B1BB7A90}"
EndProject
Global
	GlobalSection(SolutionConfigurationPlatforms) = preSolution
		Debug|Any CPU = Debug|Any CPU
		Release|Any CPU = Release|Any CPU
	EndGlobalSection
	GlobalSection(ProjectConfigurationPlatforms) = postSolution
		{A619BC9A-CB82-4779-82B4-50E1B1BB7A90}.Debug|Any CPU.ActiveCfg = Debug|Any CPU
		{A619BC9A-CB82-4779-82B4-50E1B1BB7A90}.Debug|Any CPU.Build.0 = Debug|Any CPU
		{A619BC9A-CB82-4779-82B4-50E1B1BB7A90}.Release|Any CPU.ActiveCfg = Release|Any CPU
		{A619BC9A-CB82-4779-82B4-50E1B1BB7A90}.Release|Any CPU.Build.0 = Release|Any CPU
	EndGlobalSection
	GlobalSection(SolutionProperties) = preSolution
		HideSolutionNode = FALSE
	EndGlobalSection
	GlobalSection(ExtensibilityGlobals) = postSolution
		SolutionGuid = {DDA78052-05C7-4605-9599-580AC9B831C4}
	EndGlobalSection
EndGlobal
